
Microsoft Visual Studio Solution File, Format Version 12.00
# Visual Studio Version 17
VisualStudioVersion = 17.10.34916.146
MinimumVisualStudioVersion = 10.0.40219.1
Project("{FAE04EC0-301F-11D3-BF4B-00C04F79EFBC}") = "lab_11", "lab_11.csproj", "{C500C1FD-6F99-41C2-B764-614BD7B80BC9}"
EndProject
Global
	GlobalSection(SolutionConfigurationPlatforms) = preSolution
		Debug|Any CPU = Debug|Any CPU
		Release|Any CPU = Release|Any CPU
	EndGlobalSection
	GlobalSection(ProjectConfigurationPlatforms) = postSolution
		{C500C1FD-6F99-41C2-B764-614BD7B80BC9}.Debug|Any CPU.ActiveCfg = Debug|Any CPU
		{C500C1FD-6F99-41C2-B764-614BD7B80BC9}.Debug|Any CPU.Build.0 = Debug|Any CPU
		{C500C1FD-6F99-41C2-B764-614BD7B80BC9}.Release|Any CPU.ActiveCfg = Release|Any CPU
		{C500C1FD-6F99-41C2-B764-614BD7B80BC9}.Release|Any CPU.Build.0 = Release|Any CPU
	EndGlobalSection
	GlobalSection(SolutionProperties) = preSolution
		HideSolutionNode = FALSE
	EndGlobalSection
	GlobalSection(ExtensibilityGlobals) = postSolution
		SolutionGuid = {4C05C23A-53FD-4366-9641-AA9A19373981}
	EndGlobalSection
EndGlobal
